
Microsoft Visual Studio Solution File, Format Version 12.00
# Visual Studio Version 18
VisualStudioVersion = 18.6.11828.311 oobstable
MinimumVisualStudioVersion = 10.0.40219.1
Project("{8BC9CEB8-8B4A-11D0-8D11-00A0C91BC942}") = "GeometryCore", "GeometryCore\GeometryCore.vcxproj", "{DCF5B0D7-ECB1-4DE5-9B8B-A446BA3DE625}"
EndProject
Project("{8BC9CEB8-8B4A-11D0-8D11-00A0C91BC942}") = "GeometryTests", "GeometryTests\GeometryTests.vcxproj", "{A822C2A0-8E60-4F34-BDC2-07E1BA00E327}"
EndProject
Global
	GlobalSection(SolutionConfigurationPlatforms) = preSolution
		Debug|x64 = Debug|x64
		Debug|x86 = Debug|x86
		Release|x64 = Release|x64
		Release|x86 = Release|x86
	EndGlobalSection
	GlobalSection(ProjectConfigurationPlatforms) = postSolution
		{DCF5B0D7-ECB1-4DE5-9B8B-A446BA3DE625}.Debug|x64.ActiveCfg = Debug|x64
		{DCF5B0D7-ECB1-4DE5-9B8B-A446BA3DE625}.Debug|x64.Build.0 = Debug|x64
		{DCF5B0D7-ECB1-4DE5-9B8B-A446BA3DE625}.Debug|x86.ActiveCfg = Debug|Win32
		{DCF5B0D7-ECB1-4DE5-9B8B-A446BA3DE625}.Debug|x86.Build.0 = Debug|Win32
		{DCF5B0D7-ECB1-4DE5-9B8B-A446BA3DE625}.Release|x64.ActiveCfg = Release|x64
		{DCF5B0D7-ECB1-4DE5-9B8B-A446BA3DE625}.Release|x64.Build.0 = Release|x64
		{DCF5B0D7-ECB1-4DE5-9B8B-A446BA3DE625}.Release|x86.ActiveCfg = Release|Win32
		{DCF5B0D7-ECB1-4DE5-9B8B-A446BA3DE625}.Release|x86.Build.0 = Release|Win32
		{A822C2A0-8E60-4F34-BDC2-07E1BA00E327}.Debug|x64.ActiveCfg = Debug|x64
		{A822C2A0-8E60-4F34-BDC2-07E1BA00E327}.Debug|x64.Build.0 = Debug|x64
		{A822C2A0-8E60-4F34-BDC2-07E1BA00E327}.Debug|x86.ActiveCfg = Debug|Win32
		{A822C2A0-8E60-4F34-BDC2-07E1BA00E327}.Debug|x86.Build.0 = Debug|Win32
		{A822C2A0-8E60-4F34-BDC2-07E1BA00E327}.Release|x64.ActiveCfg = Release|x64
		{A822C2A0-8E60-4F34-BDC2-07E1BA00E327}.Release|x64.Build.0 = Release|x64
		{A822C2A0-8E60-4F34-BDC2-07E1BA00E327}.Release|x86.ActiveCfg = Release|Win32
		{A822C2A0-8E60-4F34-BDC2-07E1BA00E327}.Release|x86.Build.0 = Release|Win32
	EndGlobalSection
	GlobalSection(SolutionProperties) = preSolution
		HideSolutionNode = FALSE
	EndGlobalSection
	GlobalSection(ExtensibilityGlobals) = postSolution
		SolutionGuid = {12D00CAE-42DC-4F85-8314-6588187F121F}
	EndGlobalSection
EndGlobal
